
Microsoft Visual Studio Solution File, Format Version 12.00
# Visual Studio Version 17
VisualStudioVersion = 17.1.32421.90
MinimumVisualStudioVersion = 10.0.40219.1
Project("{9A19103F-16F7-4668-BE54-9A1E7A4F7556}") = "NutriVittaIMC", "NutriVittaIMC\NutriVittaIMC.csproj", "{24980352-F50D-4B0E-A7C3-8BC78A265311}"
EndProject
Project("{9A19103F-16F7-4668-BE54-9A1E7A4F7556}") = "TestCalculadoraIMC", "TestCalculadoraIMC\TestCalculadoraIMC.csproj", "{A1C49B27-5ED2-44D8-9A53-B657D0EDC9BC}"
EndProject
Global
	GlobalSection(SolutionConfigurationPlatforms) = preSolution
		Debug|Any CPU = Debug|Any CPU
		Release|Any CPU = Release|Any CPU
	EndGlobalSection
	GlobalSection(ProjectConfigurationPlatforms) = postSolution
		{24980352-F50D-4B0E-A7C3-8BC78A265311}.Debug|Any CPU.ActiveCfg = Debug|Any CPU
		{24980352-F50D-4B0E-A7C3-8BC78A265311}.Debug|Any CPU.Build.0 = Debug|Any CPU
		{24980352-F50D-4B0E-A7C3-8BC78A265311}.Release|Any CPU.ActiveCfg = Release|Any CPU
		{24980352-F50D-4B0E-A7C3-8BC78A265311}.Release|Any CPU.Build.0 = Release|Any CPU
		{A1C49B27-5ED2-44D8-9A53-B657D0EDC9BC}.Debug|Any CPU.ActiveCfg = Debug|Any CPU
		{A1C49B27-5ED2-44D8-9A53-B657D0EDC9BC}.Debug|Any CPU.Build.0 = Debug|Any CPU
		{A1C49B27-5ED2-44D8-9A53-B657D0EDC9BC}.Release|Any CPU.ActiveCfg = Release|Any CPU
		{A1C49B27-5ED2-44D8-9A53-B657D0EDC9BC}.Release|Any CPU.Build.0 = Release|Any CPU
	EndGlobalSection
	GlobalSection(SolutionProperties) = preSolution
		HideSolutionNode = FALSE
	EndGlobalSection
	GlobalSection(ExtensibilityGlobals) = postSolution
		SolutionGuid = {6CCE8E3C-FA9F-41B0-B99A-5F6CD9344D2B}
	EndGlobalSection
EndGlobal
